
Microsoft Visual Studio Solution File, Format Version 12.00
# Visual Studio Version 16
VisualStudioVersion = 16.0.31702.278
MinimumVisualStudioVersion = 10.0.40219.1
Project("{FAE04EC0-301F-11D3-BF4B-00C04F79EFBC}") = "JadeGo", "JadeGo\JadeGo.csproj", "{F616DCA2-465A-44B7-97DF-FF39B6135ADF}"
EndProject
Global
	GlobalSection(SolutionConfigurationPlatforms) = preSolution
		Debug|Any CPU = Debug|Any CPU
		Release|Any CPU = Release|Any CPU
	EndGlobalSection
	GlobalSection(ProjectConfigurationPlatforms) = postSolution
		{F616DCA2-465A-44B7-97DF-FF39B6135ADF}.Debug|Any CPU.ActiveCfg = Debug|Any CPU
		{F616DCA2-465A-44B7-97DF-FF39B6135ADF}.Debug|Any CPU.Build.0 = Debug|Any CPU
		{F616DCA2-465A-44B7-97DF-FF39B6135ADF}.Release|Any CPU.ActiveCfg = Release|Any CPU
		{F616DCA2-465A-44B7-97DF-FF39B6135ADF}.Release|Any CPU.Build.0 = Release|Any CPU
	EndGlobalSection
	GlobalSection(SolutionProperties) = preSolution
		HideSolutionNode = FALSE
	EndGlobalSection
	GlobalSection(ExtensibilityGlobals) = postSolution
		SolutionGuid = {D97D2DE1-DF8E-4BAA-A24B-3A41D06AC33E}
	EndGlobalSection
EndGlobal
